
Microsoft Visual Studio Solution File, Format Version 12.00
# Visual Studio Version 17
VisualStudioVersion = 17.5.33530.505
MinimumVisualStudioVersion = 10.0.40219.1
Project("{FAE04EC0-301F-11D3-BF4B-00C04F79EFBC}") = "Lab - Objects - All the way down", "Lab - Objects - All the way down.csproj", "{2E7A11EF-1D52-4D83-ACBE-7C44220A143F}"
EndProject
Global
	GlobalSection(SolutionConfigurationPlatforms) = preSolution
		Debug|Any CPU = Debug|Any CPU
		Release|Any CPU = Release|Any CPU
	EndGlobalSection
	GlobalSection(ProjectConfigurationPlatforms) = postSolution
		{2E7A11EF-1D52-4D83-ACBE-7C44220A143F}.Debug|Any CPU.ActiveCfg = Debug|Any CPU
		{2E7A11EF-1D52-4D83-ACBE-7C44220A143F}.Debug|Any CPU.Build.0 = Debug|Any CPU
		{2E7A11EF-1D52-4D83-ACBE-7C44220A143F}.Release|Any CPU.ActiveCfg = Release|Any CPU
		{2E7A11EF-1D52-4D83-ACBE-7C44220A143F}.Release|Any CPU.Build.0 = Release|Any CPU
	EndGlobalSection
	GlobalSection(SolutionProperties) = preSolution
		HideSolutionNode = FALSE
	EndGlobalSection
	GlobalSection(ExtensibilityGlobals) = postSolution
		SolutionGuid = {23305B7A-B709-4382-B999-A3EF7B2FD433}
	EndGlobalSection
EndGlobal
